
Microsoft Visual Studio Solution File, Format Version 12.00
# Visual Studio 15
Project("{FAE04EC0-301F-11D3-BF4B-00C04F79EFBC}") = "Application_DataRepository", "Application_DataRepository.csproj", "{4B7006FD-1EAC-4D54-85E8-40598628F439}"
EndProject
Global
	GlobalSection(SolutionConfigurationPlatforms) = preSolution
		Debug|Any CPU = Debug|Any CPU
		Release|Any CPU = Release|Any CPU
	EndGlobalSection
	GlobalSection(ProjectConfigurationPlatforms) = postSolution
		{4B7006FD-1EAC-4D54-85E8-40598628F439}.Debug|Any CPU.ActiveCfg = Debug|Any CPU
		{4B7006FD-1EAC-4D54-85E8-40598628F439}.Debug|Any CPU.Build.0 = Debug|Any CPU
		{4B7006FD-1EAC-4D54-85E8-40598628F439}.Release|Any CPU.ActiveCfg = Release|Any CPU
		{4B7006FD-1EAC-4D54-85E8-40598628F439}.Release|Any CPU.Build.0 = Release|Any CPU
	EndGlobalSection
EndGlobal
